{
  "nodes": {
    "cash": {
      "inputs": {
        "nixpkgs": "nixpkgs"
      },
      "locked": {
        "lastModified": 1745522765,
        "narHash": "sha256-YzgCIC13aEoJ+SoGRfxJqlAmX28UGLdU8E6bfm5uV3o=",
        "owner": "vicnotor",
        "repo": "cash",
        "rev": "eda6e529b06e1745dd04a7c07380bd8505b25a4b",
        "type": "github"
      },
      "original": {
        "owner": "vicnotor",
        "repo": "cash",
        "type": "github"
      }
    },
    "nixpkgs": {
      "locked": {
        "lastModified": 1743827369,
        "narHash": "sha256-rpqepOZ8Eo1zg+KJeWoq1HAOgoMCDloqv5r2EAa9TSA=",
        "owner": "nixos",
        "repo": "nixpkgs",
        "rev": "42a1c966be226125b48c384171c44c651c236c22",
        "type": "github"
      },
      "original": {
        "owner": "nixos",
        "ref": "nixos-unstable",
        "repo": "nixpkgs",
        "type": "github"
      }
    },
    "nixpkgs_2": {
      "locked": {
        "lastModified": 1743827369,
        "narHash": "sha256-rpqepOZ8Eo1zg+KJeWoq1HAOgoMCDloqv5r2EAa9TSA=",
        "owner": "nixos",
        "repo": "nixpkgs",
        "rev": "42a1c966be226125b48c384171c44c651c236c22",
        "type": "github"
      },
      "original": {
        "owner": "nixos",
        "ref": "nixos-unstable",
        "repo": "nixpkgs",
        "type": "github"
      }
    },
    "root": {
      "inputs": {
        "cash": "cash",
        "nixpkgs": "nixpkgs_2"
      }
    }
  },
  "root": "root",
  "version": 7
}
